
Microsoft Visual Studio Solution File, Format Version 12.00
# Visual Studio Version 17
VisualStudioVersion = 17.14.36301.6 d17.14
MinimumVisualStudioVersion = 10.0.40219.1
Project("{FAE04EC0-301F-11D3-BF4B-00C04F79EFBC}") = "backend-user", "backend-user.csproj", "{657CDA68-4B03-454E-A89C-C093CA6C1735}"
EndProject
Project("{FAE04EC0-301F-11D3-BF4B-00C04F79EFBC}") = "backend-user.tests", "..\backend-user.tests\backend-user.tests.csproj", "{B8E5A7F2-9C4D-4E8A-A123-456789ABCDEF}"
EndProject
Global
	GlobalSection(SolutionConfigurationPlatforms) = preSolution
		Debug|Any CPU = Debug|Any CPU
		Release|Any CPU = Release|Any CPU
	EndGlobalSection
	GlobalSection(ProjectConfigurationPlatforms) = postSolution
		{657CDA68-4B03-454E-A89C-C093CA6C1735}.Debug|Any CPU.ActiveCfg = Debug|Any CPU
		{657CDA68-4B03-454E-A89C-C093CA6C1735}.Debug|Any CPU.Build.0 = Debug|Any CPU
		{657CDA68-4B03-454E-A89C-C093CA6C1735}.Release|Any CPU.ActiveCfg = Release|Any CPU
		{657CDA68-4B03-454E-A89C-C093CA6C1735}.Release|Any CPU.Build.0 = Release|Any CPU
		{B8E5A7F2-9C4D-4E8A-A123-456789ABCDEF}.Debug|Any CPU.ActiveCfg = Debug|Any CPU
		{B8E5A7F2-9C4D-4E8A-A123-456789ABCDEF}.Debug|Any CPU.Build.0 = Debug|Any CPU
		{B8E5A7F2-9C4D-4E8A-A123-456789ABCDEF}.Release|Any CPU.ActiveCfg = Release|Any CPU
		{B8E5A7F2-9C4D-4E8A-A123-456789ABCDEF}.Release|Any CPU.Build.0 = Release|Any CPU
	EndGlobalSection
	GlobalSection(SolutionProperties) = preSolution
		HideSolutionNode = FALSE
	EndGlobalSection
	GlobalSection(ExtensibilityGlobals) = postSolution
		SolutionGuid = {86AB835F-D01B-4981-89B5-26DBB0E2050F}
	EndGlobalSection
EndGlobal
